
Microsoft Visual Studio Solution File, Format Version 12.00
# Visual Studio 15
VisualStudioVersion = 15.0.28307.1000
MinimumVisualStudioVersion = 10.0.40219.1
Project("{FAE04EC0-301F-11D3-BF4B-00C04F79EFBC}") = "Lab2_poini_class", "Lab2_poini_class\Lab2_poini_class.csproj", "{263A8D6E-45DE-4795-B3EE-24A131DE3CAC}"
EndProject
Global
	GlobalSection(SolutionConfigurationPlatforms) = preSolution
		Debug|Any CPU = Debug|Any CPU
		Release|Any CPU = Release|Any CPU
	EndGlobalSection
	GlobalSection(ProjectConfigurationPlatforms) = postSolution
		{263A8D6E-45DE-4795-B3EE-24A131DE3CAC}.Debug|Any CPU.ActiveCfg = Debug|Any CPU
		{263A8D6E-45DE-4795-B3EE-24A131DE3CAC}.Debug|Any CPU.Build.0 = Debug|Any CPU
		{263A8D6E-45DE-4795-B3EE-24A131DE3CAC}.Release|Any CPU.ActiveCfg = Release|Any CPU
		{263A8D6E-45DE-4795-B3EE-24A131DE3CAC}.Release|Any CPU.Build.0 = Release|Any CPU
	EndGlobalSection
	GlobalSection(SolutionProperties) = preSolution
		HideSolutionNode = FALSE
	EndGlobalSection
	GlobalSection(ExtensibilityGlobals) = postSolution
		SolutionGuid = {E18D6EDC-4AA4-41C8-BDAC-C85706145194}
	EndGlobalSection
EndGlobal
